
Microsoft Visual Studio Solution File, Format Version 12.00
# Visual Studio 15
VisualStudioVersion = 15.0.26124.0
MinimumVisualStudioVersion = 15.0.26124.0
Project("{FAE04EC0-301F-11D3-BF4B-00C04F79EFBC}") = "DotNet.Streams", "DotNet.Streams\DotNet.Streams.csproj", "{00E83053-FAFA-4B17-9284-FC550AF61FBC}"
EndProject
Project("{FAE04EC0-301F-11D3-BF4B-00C04F79EFBC}") = "DotNet.Streams.Test", "DotNet.Streams.Test\DotNet.Streams.Test.csproj", "{6863D853-AB5C-4AE4-9B67-0434EB06A69A}"
EndProject
Global
	GlobalSection(SolutionConfigurationPlatforms) = preSolution
		Debug|Any CPU = Debug|Any CPU
		Debug|x64 = Debug|x64
		Debug|x86 = Debug|x86
		Release|Any CPU = Release|Any CPU
		Release|x64 = Release|x64
		Release|x86 = Release|x86
	EndGlobalSection
	GlobalSection(SolutionProperties) = preSolution
		HideSolutionNode = FALSE
	EndGlobalSection
	GlobalSection(ProjectConfigurationPlatforms) = postSolution
		{00E83053-FAFA-4B17-9284-FC550AF61FBC}.Debug|Any CPU.ActiveCfg = Debug|Any CPU
		{00E83053-FAFA-4B17-9284-FC550AF61FBC}.Debug|Any CPU.Build.0 = Debug|Any CPU
		{00E83053-FAFA-4B17-9284-FC550AF61FBC}.Debug|x64.ActiveCfg = Debug|Any CPU
		{00E83053-FAFA-4B17-9284-FC550AF61FBC}.Debug|x64.Build.0 = Debug|Any CPU
		{00E83053-FAFA-4B17-9284-FC550AF61FBC}.Debug|x86.ActiveCfg = Debug|Any CPU
		{00E83053-FAFA-4B17-9284-FC550AF61FBC}.Debug|x86.Build.0 = Debug|Any CPU
		{00E83053-FAFA-4B17-9284-FC550AF61FBC}.Release|Any CPU.ActiveCfg = Release|Any CPU
		{00E83053-FAFA-4B17-9284-FC550AF61FBC}.Release|Any CPU.Build.0 = Release|Any CPU
		{00E83053-FAFA-4B17-9284-FC550AF61FBC}.Release|x64.ActiveCfg = Release|Any CPU
		{00E83053-FAFA-4B17-9284-FC550AF61FBC}.Release|x64.Build.0 = Release|Any CPU
		{00E83053-FAFA-4B17-9284-FC550AF61FBC}.Release|x86.ActiveCfg = Release|Any CPU
		{00E83053-FAFA-4B17-9284-FC550AF61FBC}.Release|x86.Build.0 = Release|Any CPU
		{6863D853-AB5C-4AE4-9B67-0434EB06A69A}.Debug|Any CPU.ActiveCfg = Debug|Any CPU
		{6863D853-AB5C-4AE4-9B67-0434EB06A69A}.Debug|Any CPU.Build.0 = Debug|Any CPU
		{6863D853-AB5C-4AE4-9B67-0434EB06A69A}.Debug|x64.ActiveCfg = Debug|Any CPU
		{6863D853-AB5C-4AE4-9B67-0434EB06A69A}.Debug|x64.Build.0 = Debug|Any CPU
		{6863D853-AB5C-4AE4-9B67-0434EB06A69A}.Debug|x86.ActiveCfg = Debug|Any CPU
		{6863D853-AB5C-4AE4-9B67-0434EB06A69A}.Debug|x86.Build.0 = Debug|Any CPU
		{6863D853-AB5C-4AE4-9B67-0434EB06A69A}.Release|Any CPU.ActiveCfg = Release|Any CPU
		{6863D853-AB5C-4AE4-9B67-0434EB06A69A}.Release|Any CPU.Build.0 = Release|Any CPU
		{6863D853-AB5C-4AE4-9B67-0434EB06A69A}.Release|x64.ActiveCfg = Release|Any CPU
		{6863D853-AB5C-4AE4-9B67-0434EB06A69A}.Release|x64.Build.0 = Release|Any CPU
		{6863D853-AB5C-4AE4-9B67-0434EB06A69A}.Release|x86.ActiveCfg = Release|Any CPU
		{6863D853-AB5C-4AE4-9B67-0434EB06A69A}.Release|x86.Build.0 = Release|Any CPU
	EndGlobalSection
EndGlobal
